
Microsoft Visual Studio Solution File, Format Version 12.00
# Visual Studio Version 16
VisualStudioVersion = 16.0.31515.178
MinimumVisualStudioVersion = 10.0.40219.1
Project("{FAE04EC0-301F-11D3-BF4B-00C04F79EFBC}") = "Fixacao.Classes.Atributos.Metodos", "Fixacao.Classes.Atributos.Metodos.csproj", "{788850C9-868B-4D31-83A9-2F9978ACF008}"
EndProject
Global
	GlobalSection(SolutionConfigurationPlatforms) = preSolution
		Debug|Any CPU = Debug|Any CPU
		Release|Any CPU = Release|Any CPU
	EndGlobalSection
	GlobalSection(ProjectConfigurationPlatforms) = postSolution
		{788850C9-868B-4D31-83A9-2F9978ACF008}.Debug|Any CPU.ActiveCfg = Debug|Any CPU
		{788850C9-868B-4D31-83A9-2F9978ACF008}.Debug|Any CPU.Build.0 = Debug|Any CPU
		{788850C9-868B-4D31-83A9-2F9978ACF008}.Release|Any CPU.ActiveCfg = Release|Any CPU
		{788850C9-868B-4D31-83A9-2F9978ACF008}.Release|Any CPU.Build.0 = Release|Any CPU
	EndGlobalSection
	GlobalSection(SolutionProperties) = preSolution
		HideSolutionNode = FALSE
	EndGlobalSection
	GlobalSection(ExtensibilityGlobals) = postSolution
		SolutionGuid = {89CA2788-1FEC-4C69-AE35-45AC6F8BEA90}
	EndGlobalSection
EndGlobal
